
Microsoft Visual Studio Solution File, Format Version 12.00
# Visual Studio Version 16
VisualStudioVersion = 16.0.31613.86
MinimumVisualStudioVersion = 10.0.40219.1
Project("{FAE04EC0-301F-11D3-BF4B-00C04F79EFBC}") = "TheLockedDoor", "TheLockedDoor.csproj", "{D31FAC19-AECB-4EBB-948A-D843BF3F37CD}"
EndProject
Global
	GlobalSection(SolutionConfigurationPlatforms) = preSolution
		Debug|Any CPU = Debug|Any CPU
		Release|Any CPU = Release|Any CPU
	EndGlobalSection
	GlobalSection(ProjectConfigurationPlatforms) = postSolution
		{D31FAC19-AECB-4EBB-948A-D843BF3F37CD}.Debug|Any CPU.ActiveCfg = Debug|Any CPU
		{D31FAC19-AECB-4EBB-948A-D843BF3F37CD}.Debug|Any CPU.Build.0 = Debug|Any CPU
		{D31FAC19-AECB-4EBB-948A-D843BF3F37CD}.Release|Any CPU.ActiveCfg = Release|Any CPU
		{D31FAC19-AECB-4EBB-948A-D843BF3F37CD}.Release|Any CPU.Build.0 = Release|Any CPU
	EndGlobalSection
	GlobalSection(SolutionProperties) = preSolution
		HideSolutionNode = FALSE
	EndGlobalSection
	GlobalSection(ExtensibilityGlobals) = postSolution
		SolutionGuid = {6EB19B8B-BF9A-4029-A94C-ABFE65D6170C}
	EndGlobalSection
EndGlobal
