
Microsoft Visual Studio Solution File, Format Version 12.00
# Visual Studio Version 16
VisualStudioVersion = 16.0.31205.134
MinimumVisualStudioVersion = 10.0.40219.1
Project("{FAE04EC0-301F-11D3-BF4B-00C04F79EFBC}") = "ThePrototype", "ThePrototype.csproj", "{254891A4-825F-4401-8F8D-E434F2CFD651}"
EndProject
Global
	GlobalSection(SolutionConfigurationPlatforms) = preSolution
		Debug|Any CPU = Debug|Any CPU
		Release|Any CPU = Release|Any CPU
	EndGlobalSection
	GlobalSection(ProjectConfigurationPlatforms) = postSolution
		{254891A4-825F-4401-8F8D-E434F2CFD651}.Debug|Any CPU.ActiveCfg = Debug|Any CPU
		{254891A4-825F-4401-8F8D-E434F2CFD651}.Debug|Any CPU.Build.0 = Debug|Any CPU
		{254891A4-825F-4401-8F8D-E434F2CFD651}.Release|Any CPU.ActiveCfg = Release|Any CPU
		{254891A4-825F-4401-8F8D-E434F2CFD651}.Release|Any CPU.Build.0 = Release|Any CPU
	EndGlobalSection
	GlobalSection(SolutionProperties) = preSolution
		HideSolutionNode = FALSE
	EndGlobalSection
	GlobalSection(ExtensibilityGlobals) = postSolution
		SolutionGuid = {5AE29C0B-4A23-4A4D-B635-45CA76973391}
	EndGlobalSection
EndGlobal
