
Microsoft Visual Studio Solution File, Format Version 12.00
# Visual Studio Version 16
VisualStudioVersion = 16.0.31613.86
MinimumVisualStudioVersion = 10.0.40219.1
Project("{FAE04EC0-301F-11D3-BF4B-00C04F79EFBC}") = "BetterRandom", "BetterRandom.csproj", "{2C5F88C0-6D0D-4C67-ABF7-0D17DD3DBF60}"
EndProject
Global
	GlobalSection(SolutionConfigurationPlatforms) = preSolution
		Debug|Any CPU = Debug|Any CPU
		Release|Any CPU = Release|Any CPU
	EndGlobalSection
	GlobalSection(ProjectConfigurationPlatforms) = postSolution
		{2C5F88C0-6D0D-4C67-ABF7-0D17DD3DBF60}.Debug|Any CPU.ActiveCfg = Debug|Any CPU
		{2C5F88C0-6D0D-4C67-ABF7-0D17DD3DBF60}.Debug|Any CPU.Build.0 = Debug|Any CPU
		{2C5F88C0-6D0D-4C67-ABF7-0D17DD3DBF60}.Release|Any CPU.ActiveCfg = Release|Any CPU
		{2C5F88C0-6D0D-4C67-ABF7-0D17DD3DBF60}.Release|Any CPU.Build.0 = Release|Any CPU
	EndGlobalSection
	GlobalSection(SolutionProperties) = preSolution
		HideSolutionNode = FALSE
	EndGlobalSection
	GlobalSection(ExtensibilityGlobals) = postSolution
		SolutionGuid = {EEF326C1-2296-4CE1-A8CE-9D5D5C9C51E1}
	EndGlobalSection
EndGlobal
