
Microsoft Visual Studio Solution File, Format Version 12.00
# Visual Studio Version 16
VisualStudioVersion = 16.0.31613.86
MinimumVisualStudioVersion = 10.0.40219.1
Project("{FAE04EC0-301F-11D3-BF4B-00C04F79EFBC}") = "TheOldRobot", "TheOldRobot.csproj", "{F5A12F0E-B88B-4D92-8D4C-8089B21AE17D}"
EndProject
Global
	GlobalSection(SolutionConfigurationPlatforms) = preSolution
		Debug|Any CPU = Debug|Any CPU
		Release|Any CPU = Release|Any CPU
	EndGlobalSection
	GlobalSection(ProjectConfigurationPlatforms) = postSolution
		{F5A12F0E-B88B-4D92-8D4C-8089B21AE17D}.Debug|Any CPU.ActiveCfg = Debug|Any CPU
		{F5A12F0E-B88B-4D92-8D4C-8089B21AE17D}.Debug|Any CPU.Build.0 = Debug|Any CPU
		{F5A12F0E-B88B-4D92-8D4C-8089B21AE17D}.Release|Any CPU.ActiveCfg = Release|Any CPU
		{F5A12F0E-B88B-4D92-8D4C-8089B21AE17D}.Release|Any CPU.Build.0 = Release|Any CPU
	EndGlobalSection
	GlobalSection(SolutionProperties) = preSolution
		HideSolutionNode = FALSE
	EndGlobalSection
	GlobalSection(ExtensibilityGlobals) = postSolution
		SolutionGuid = {210FB3A8-AC1B-45CF-BA3C-2F4E875EA37E}
	EndGlobalSection
EndGlobal
