
Microsoft Visual Studio Solution File, Format Version 12.00
# Visual Studio Version 16
VisualStudioVersion = 16.0.31205.134
MinimumVisualStudioVersion = 10.0.40219.1
Project("{FAE04EC0-301F-11D3-BF4B-00C04F79EFBC}") = "TheTriangleFarmer", "TheTriangleFarmer.csproj", "{02B49A41-CD58-44AE-B6AD-3BAA94D492DC}"
EndProject
Global
	GlobalSection(SolutionConfigurationPlatforms) = preSolution
		Debug|Any CPU = Debug|Any CPU
		Release|Any CPU = Release|Any CPU
	EndGlobalSection
	GlobalSection(ProjectConfigurationPlatforms) = postSolution
		{02B49A41-CD58-44AE-B6AD-3BAA94D492DC}.Debug|Any CPU.ActiveCfg = Debug|Any CPU
		{02B49A41-CD58-44AE-B6AD-3BAA94D492DC}.Debug|Any CPU.Build.0 = Debug|Any CPU
		{02B49A41-CD58-44AE-B6AD-3BAA94D492DC}.Release|Any CPU.ActiveCfg = Release|Any CPU
		{02B49A41-CD58-44AE-B6AD-3BAA94D492DC}.Release|Any CPU.Build.0 = Release|Any CPU
	EndGlobalSection
	GlobalSection(SolutionProperties) = preSolution
		HideSolutionNode = FALSE
	EndGlobalSection
	GlobalSection(ExtensibilityGlobals) = postSolution
		SolutionGuid = {63749693-4F1C-461C-9572-14A1E467CB59}
	EndGlobalSection
EndGlobal
