
Microsoft Visual Studio Solution File, Format Version 12.00
# Visual Studio Version 16
VisualStudioVersion = 16.0.31702.278
MinimumVisualStudioVersion = 10.0.40219.1
Project("{FAE04EC0-301F-11D3-BF4B-00C04F79EFBC}") = "TheGreatHumanizer", "TheGreatHumanizer.csproj", "{6A001B27-5E61-494B-BC73-1D4A12F5C95D}"
EndProject
Global
	GlobalSection(SolutionConfigurationPlatforms) = preSolution
		Debug|Any CPU = Debug|Any CPU
		Release|Any CPU = Release|Any CPU
	EndGlobalSection
	GlobalSection(ProjectConfigurationPlatforms) = postSolution
		{6A001B27-5E61-494B-BC73-1D4A12F5C95D}.Debug|Any CPU.ActiveCfg = Debug|Any CPU
		{6A001B27-5E61-494B-BC73-1D4A12F5C95D}.Debug|Any CPU.Build.0 = Debug|Any CPU
		{6A001B27-5E61-494B-BC73-1D4A12F5C95D}.Release|Any CPU.ActiveCfg = Release|Any CPU
		{6A001B27-5E61-494B-BC73-1D4A12F5C95D}.Release|Any CPU.Build.0 = Release|Any CPU
	EndGlobalSection
	GlobalSection(SolutionProperties) = preSolution
		HideSolutionNode = FALSE
	EndGlobalSection
	GlobalSection(ExtensibilityGlobals) = postSolution
		SolutionGuid = {32EBB8F6-A203-4A3C-B34F-A40520745D4A}
	EndGlobalSection
EndGlobal
