
Microsoft Visual Studio Solution File, Format Version 12.00
# Visual Studio Version 16
VisualStudioVersion = 16.0.31613.86
MinimumVisualStudioVersion = 10.0.40219.1
Project("{FAE04EC0-301F-11D3-BF4B-00C04F79EFBC}") = "TakingANumber", "TakingANumber.csproj", "{A56299C8-73AC-46D2-AEFB-D615F7B701D7}"
EndProject
Global
	GlobalSection(SolutionConfigurationPlatforms) = preSolution
		Debug|Any CPU = Debug|Any CPU
		Release|Any CPU = Release|Any CPU
	EndGlobalSection
	GlobalSection(ProjectConfigurationPlatforms) = postSolution
		{A56299C8-73AC-46D2-AEFB-D615F7B701D7}.Debug|Any CPU.ActiveCfg = Debug|Any CPU
		{A56299C8-73AC-46D2-AEFB-D615F7B701D7}.Debug|Any CPU.Build.0 = Debug|Any CPU
		{A56299C8-73AC-46D2-AEFB-D615F7B701D7}.Release|Any CPU.ActiveCfg = Release|Any CPU
		{A56299C8-73AC-46D2-AEFB-D615F7B701D7}.Release|Any CPU.Build.0 = Release|Any CPU
	EndGlobalSection
	GlobalSection(SolutionProperties) = preSolution
		HideSolutionNode = FALSE
	EndGlobalSection
	GlobalSection(ExtensibilityGlobals) = postSolution
		SolutionGuid = {9DE16B49-9D74-4ED2-B427-E971A9FC8E09}
	EndGlobalSection
EndGlobal
