
Microsoft Visual Studio Solution File, Format Version 12.00
# Visual Studio Version 16
VisualStudioVersion = 16.0.31702.278
MinimumVisualStudioVersion = 10.0.40219.1
Project("{FAE04EC0-301F-11D3-BF4B-00C04F79EFBC}") = "ColoredConsoleMain", "ColoredConsoleMain.csproj", "{95AE45FC-BE67-4EA2-8A5E-4E1335CC0F94}"
EndProject
Project("{FAE04EC0-301F-11D3-BF4B-00C04F79EFBC}") = "ColoredConsoleHelper", "..\ColoredConsoleHelper\ColoredConsoleHelper.csproj", "{93D03CBC-0933-401D-ACC6-352736568855}"
EndProject
Global
	GlobalSection(SolutionConfigurationPlatforms) = preSolution
		Debug|Any CPU = Debug|Any CPU
		Release|Any CPU = Release|Any CPU
	EndGlobalSection
	GlobalSection(ProjectConfigurationPlatforms) = postSolution
		{95AE45FC-BE67-4EA2-8A5E-4E1335CC0F94}.Debug|Any CPU.ActiveCfg = Debug|Any CPU
		{95AE45FC-BE67-4EA2-8A5E-4E1335CC0F94}.Debug|Any CPU.Build.0 = Debug|Any CPU
		{95AE45FC-BE67-4EA2-8A5E-4E1335CC0F94}.Release|Any CPU.ActiveCfg = Release|Any CPU
		{95AE45FC-BE67-4EA2-8A5E-4E1335CC0F94}.Release|Any CPU.Build.0 = Release|Any CPU
		{93D03CBC-0933-401D-ACC6-352736568855}.Debug|Any CPU.ActiveCfg = Debug|Any CPU
		{93D03CBC-0933-401D-ACC6-352736568855}.Debug|Any CPU.Build.0 = Debug|Any CPU
		{93D03CBC-0933-401D-ACC6-352736568855}.Release|Any CPU.ActiveCfg = Release|Any CPU
		{93D03CBC-0933-401D-ACC6-352736568855}.Release|Any CPU.Build.0 = Release|Any CPU
	EndGlobalSection
	GlobalSection(SolutionProperties) = preSolution
		HideSolutionNode = FALSE
	EndGlobalSection
	GlobalSection(ExtensibilityGlobals) = postSolution
		SolutionGuid = {D9DC5120-4CB9-4FD1-B8B8-4B74EDF4BB26}
	EndGlobalSection
EndGlobal
